
Microsoft Visual Studio Solution File, Format Version 12.00
# Visual Studio Version 17
VisualStudioVersion = 17.3.32922.545
MinimumVisualStudioVersion = 10.0.40219.1
Project("{FAE04EC0-301F-11D3-BF4B-00C04F79EFBC}") = "AppDev_Kirill_Nerchaner", "AppDev_Kirill_Nerchaner\AppDev_Kirill_Nerchaner.csproj", "{BF3D39D0-EB9E-4101-AFF4-E8AE70958CFC}"
EndProject
Global
	GlobalSection(SolutionConfigurationPlatforms) = preSolution
		Debug|Any CPU = Debug|Any CPU
		Release|Any CPU = Release|Any CPU
	EndGlobalSection
	GlobalSection(ProjectConfigurationPlatforms) = postSolution
		{BF3D39D0-EB9E-4101-AFF4-E8AE70958CFC}.Debug|Any CPU.ActiveCfg = Debug|Any CPU
		{BF3D39D0-EB9E-4101-AFF4-E8AE70958CFC}.Debug|Any CPU.Build.0 = Debug|Any CPU
		{BF3D39D0-EB9E-4101-AFF4-E8AE70958CFC}.Release|Any CPU.ActiveCfg = Release|Any CPU
		{BF3D39D0-EB9E-4101-AFF4-E8AE70958CFC}.Release|Any CPU.Build.0 = Release|Any CPU
	EndGlobalSection
	GlobalSection(SolutionProperties) = preSolution
		HideSolutionNode = FALSE
	EndGlobalSection
	GlobalSection(ExtensibilityGlobals) = postSolution
		SolutionGuid = {3C9BC626-0541-4A9C-87D0-154765926325}
	EndGlobalSection
EndGlobal
